
Microsoft Visual Studio Solution File, Format Version 12.00
# Visual Studio 2013
VisualStudioVersion = 12.0.30501.0
MinimumVisualStudioVersion = 10.0.40219.1
Project("{FAE04EC0-301F-11D3-BF4B-00C04F79EFBC}") = "LeagueOfBabyfoot.Api", "LeagueOfBabyfoot.Api\LeagueOfBabyfoot.Api.csproj", "{92259F9D-F82A-4070-AE1A-F31AB37715DD}"
EndProject
Project("{FAE04EC0-301F-11D3-BF4B-00C04F79EFBC}") = "LeagueOfBabyfoot.Data", "LeagueOfBabyfoot.Data\LeagueOfBabyfoot.Data.csproj", "{182848E8-E4A2-4F54-8419-6975CD01A6C5}"
EndProject
Project("{2150E333-8FDC-42A3-9474-1A3956D46DE8}") = ".nuget", ".nuget", "{50877499-3C3A-443E-AB80-F520DE58DFBF}"
	ProjectSection(SolutionItems) = preProject
		.nuget\NuGet.Config = .nuget\NuGet.Config
		.nuget\NuGet.exe = .nuget\NuGet.exe
		.nuget\NuGet.targets = .nuget\NuGet.targets
	EndProjectSection
EndProject
Global
	GlobalSection(SolutionConfigurationPlatforms) = preSolution
		Debug|Any CPU = Debug|Any CPU
		Release|Any CPU = Release|Any CPU
	EndGlobalSection
	GlobalSection(ProjectConfigurationPlatforms) = postSolution
		{92259F9D-F82A-4070-AE1A-F31AB37715DD}.Debug|Any CPU.ActiveCfg = Debug|Any CPU
		{92259F9D-F82A-4070-AE1A-F31AB37715DD}.Debug|Any CPU.Build.0 = Debug|Any CPU
		{92259F9D-F82A-4070-AE1A-F31AB37715DD}.Release|Any CPU.ActiveCfg = Release|Any CPU
		{92259F9D-F82A-4070-AE1A-F31AB37715DD}.Release|Any CPU.Build.0 = Release|Any CPU
		{182848E8-E4A2-4F54-8419-6975CD01A6C5}.Debug|Any CPU.ActiveCfg = Debug|Any CPU
		{182848E8-E4A2-4F54-8419-6975CD01A6C5}.Debug|Any CPU.Build.0 = Debug|Any CPU
		{182848E8-E4A2-4F54-8419-6975CD01A6C5}.Release|Any CPU.ActiveCfg = Release|Any CPU
		{182848E8-E4A2-4F54-8419-6975CD01A6C5}.Release|Any CPU.Build.0 = Release|Any CPU
	EndGlobalSection
	GlobalSection(SolutionProperties) = preSolution
		HideSolutionNode = FALSE
	EndGlobalSection
EndGlobal
